
Microsoft Visual Studio Solution File, Format Version 12.00
# Visual Studio Version 17
VisualStudioVersion = 17.5.002.0
MinimumVisualStudioVersion = 10.0.40219.1
Project("{9A19103F-16F7-4668-BE54-9A1E7A4F7556}") = "APL2003", "APL2003.csproj", "{55DF8CA2-F4DF-4739-B1E1-E7F5567E34BF}"
EndProject
Global
	GlobalSection(SolutionConfigurationPlatforms) = preSolution
		Debug|Any CPU = Debug|Any CPU
		Release|Any CPU = Release|Any CPU
	EndGlobalSection
	GlobalSection(ProjectConfigurationPlatforms) = postSolution
		{55DF8CA2-F4DF-4739-B1E1-E7F5567E34BF}.Debug|Any CPU.ActiveCfg = Debug|Any CPU
		{55DF8CA2-F4DF-4739-B1E1-E7F5567E34BF}.Debug|Any CPU.Build.0 = Debug|Any CPU
		{55DF8CA2-F4DF-4739-B1E1-E7F5567E34BF}.Release|Any CPU.ActiveCfg = Release|Any CPU
		{55DF8CA2-F4DF-4739-B1E1-E7F5567E34BF}.Release|Any CPU.Build.0 = Release|Any CPU
	EndGlobalSection
	GlobalSection(SolutionProperties) = preSolution
		HideSolutionNode = FALSE
	EndGlobalSection
	GlobalSection(ExtensibilityGlobals) = postSolution
		SolutionGuid = {BFAA391E-B8EB-4A8D-9F2D-6839A471B6AD}
	EndGlobalSection
EndGlobal
